
Microsoft Visual Studio Solution File, Format Version 12.00
# Visual Studio Version 17
VisualStudioVersion = 17.2.32526.322
MinimumVisualStudioVersion = 10.0.40219.1
Project("{FAE04EC0-301F-11D3-BF4B-00C04F79EFBC}") = "WeeklyPlanner", "WeeklyPlanner\WeeklyPlanner.csproj", "{823C1A6C-0855-492F-A1C8-8BE88765EB58}"
EndProject
Global
	GlobalSection(SolutionConfigurationPlatforms) = preSolution
		Debug|Any CPU = Debug|Any CPU
		Release|Any CPU = Release|Any CPU
	EndGlobalSection
	GlobalSection(ProjectConfigurationPlatforms) = postSolution
		{823C1A6C-0855-492F-A1C8-8BE88765EB58}.Debug|Any CPU.ActiveCfg = Debug|Any CPU
		{823C1A6C-0855-492F-A1C8-8BE88765EB58}.Debug|Any CPU.Build.0 = Debug|Any CPU
		{823C1A6C-0855-492F-A1C8-8BE88765EB58}.Release|Any CPU.ActiveCfg = Release|Any CPU
		{823C1A6C-0855-492F-A1C8-8BE88765EB58}.Release|Any CPU.Build.0 = Release|Any CPU
	EndGlobalSection
	GlobalSection(SolutionProperties) = preSolution
		HideSolutionNode = FALSE
	EndGlobalSection
	GlobalSection(ExtensibilityGlobals) = postSolution
		SolutionGuid = {28DF1B52-90D8-4CF6-A1C6-6A17DF4A5A20}
	EndGlobalSection
EndGlobal
